
Microsoft Visual Studio Solution File, Format Version 12.00
# Visual Studio Version 16
VisualStudioVersion = 16.0.31019.35
MinimumVisualStudioVersion = 10.0.40219.1
Project("{FAE04EC0-301F-11D3-BF4B-00C04F79EFBC}") = "UNITYST", "UNITYST\UNITYST.csproj", "{64236B9D-90D0-45B7-A786-D6A79666B0D3}"
EndProject
Project("{FAE04EC0-301F-11D3-BF4B-00C04F79EFBC}") = "02Namespace", "02Namespace\02Namespace.csproj", "{DAAAE62B-510D-4211-A2EE-0FEFCC3734A3}"
EndProject
Project("{FAE04EC0-301F-11D3-BF4B-00C04F79EFBC}") = "03CodeStartAndReading", "03CodeStartAndReading\03CodeStartAndReading.csproj", "{C14E133C-C121-4211-9581-637E0B9CA3B6}"
EndProject
Project("{FAE04EC0-301F-11D3-BF4B-00C04F79EFBC}") = "04MemberVar", "04MemberVar\04MemberVar.csproj", "{EED38BED-D954-4D6C-97BF-8D74462E71C7}"
EndProject
Project("{FAE04EC0-301F-11D3-BF4B-00C04F79EFBC}") = "06LocalVar", "06LocalVar\06LocalVar.csproj", "{914225D0-3FF5-49D9-8B3B-3757BFEB459D}"
EndProject
Project("{FAE04EC0-301F-11D3-BF4B-00C04F79EFBC}") = "07ClassAccess", "07ClassAccess\07ClassAccess.csproj", "{1938B2F2-A92A-4A7E-8977-686427F585A3}"
EndProject
Project("{FAE04EC0-301F-11D3-BF4B-00C04F79EFBC}") = "08FuncEx", "08FuncEx\08FuncEx.csproj", "{EC84CBCD-AEB9-419B-9103-F61F8D194485}"
EndProject
Project("{FAE04EC0-301F-11D3-BF4B-00C04F79EFBC}") = "09Operator", "09Operator\09Operator.csproj", "{4598E248-A5E2-44D6-B8AB-4E0EA0EE0CCB}"
EndProject
Project("{FAE04EC0-301F-11D3-BF4B-00C04F79EFBC}") = "10Memory00_Func_", "10Memory00_Func_\10Memory00_Func_.csproj", "{89F7CC70-7F3B-4E54-8F16-1BA5B779C649}"
EndProject
Project("{FAE04EC0-301F-11D3-BF4B-00C04F79EFBC}") = "12Memory02_Reference", "12Memory02_Reference\12Memory02_Reference.csproj", "{93374E13-574A-4919-964A-38C05CC2F1E7}"
EndProject
Project("{FAE04EC0-301F-11D3-BF4B-00C04F79EFBC}") = "13StaticVar", "13StaticVar\13StaticVar.csproj", "{5288EEEB-5677-4E38-A564-3CFE1AFE8592}"
EndProject
Project("{FAE04EC0-301F-11D3-BF4B-00C04F79EFBC}") = "14Static", "14Static\14Static.csproj", "{9333D2ED-DBE6-4FE9-82FF-A97B36A9D0E4}"
EndProject
Project("{FAE04EC0-301F-11D3-BF4B-00C04F79EFBC}") = "14StaticFunc", "14StaticFunc\14StaticFunc.csproj", "{CF085A43-886D-482D-89AB-EEDBB06077E0}"
EndProject
Project("{FAE04EC0-301F-11D3-BF4B-00C04F79EFBC}") = "15StaticClass", "15StaticClass\15StaticClass.csproj", "{C9B73FDE-FBB5-4D4F-B87D-82781CBDC3AB}"
EndProject
Project("{FAE04EC0-301F-11D3-BF4B-00C04F79EFBC}") = "16This", "16This\16This.csproj", "{D0C756D0-D88E-401B-85B4-97AB3109F024}"
EndProject
Project("{FAE04EC0-301F-11D3-BF4B-00C04F79EFBC}") = "17While", "17While\17While.csproj", "{C1D7EF1D-FB68-4E33-9B70-7ADBFA854A7E}"
EndProject
Project("{FAE04EC0-301F-11D3-BF4B-00C04F79EFBC}") = "18For", "18For\18For.csproj", "{4D289B4B-01C6-4AF4-BAF4-34416729D20E}"
EndProject
Project("{FAE04EC0-301F-11D3-BF4B-00C04F79EFBC}") = "21Struct", "21Struct\21Struct.csproj", "{80399213-7EE9-4E71-AD95-742943A47647}"
EndProject
Project("{FAE04EC0-301F-11D3-BF4B-00C04F79EFBC}") = "22Enum", "22Enum\22Enum.csproj", "{40109DF6-9BD4-4FC8-A711-0AFC93D044AB}"
EndProject
Project("{2150E333-8FDC-42A3-9474-1A3956D46DE8}") = "Game", "Game", "{5EE00180-79D9-4BD9-8985-DD34D9505440}"
EndProject
Project("{FAE04EC0-301F-11D3-BF4B-00C04F79EFBC}") = "TextRpg001", "TextRpg001\TextRpg001.csproj", "{C4E4C9D0-ABDF-4D02-A4E6-77AA500CF27E}"
EndProject
Project("{FAE04EC0-301F-11D3-BF4B-00C04F79EFBC}") = "23inheritance", "23inheritance\23inheritance.csproj", "{76CCB5E3-D98F-4DAA-942D-B481825F86E0}"
EndProject
Project("{FAE04EC0-301F-11D3-BF4B-00C04F79EFBC}") = "24ClassConstructer", "24ClassConstructer\24ClassConstructer.csproj", "{9B9BA757-198F-41B4-951F-68818012E9EA}"
EndProject
Project("{FAE04EC0-301F-11D3-BF4B-00C04F79EFBC}") = "25String01", "25String01\25String01.csproj", "{5E094D58-F722-4811-9429-E7E66207B8B5}"
EndProject
Project("{FAE04EC0-301F-11D3-BF4B-00C04F79EFBC}") = "26Property", "26Property\26Property.csproj", "{E22524DF-8B26-4818-BDE4-3734FB2E519D}"
EndProject
Project("{FAE04EC0-301F-11D3-BF4B-00C04F79EFBC}") = "27ClassFile", "27ClassFile\27ClassFile.csproj", "{12FA0791-727A-4C85-A0A9-A27FA9C51F6B}"
EndProject
Project("{FAE04EC0-301F-11D3-BF4B-00C04F79EFBC}") = "28Partial", "28Partial\28Partial.csproj", "{3B812858-7B34-4FD8-BC13-0BAB44EF5300}"
EndProject
Project("{FAE04EC0-301F-11D3-BF4B-00C04F79EFBC}") = "29OverLoading", "29OverLoading\29OverLoading.csproj", "{5ED455FC-4F8B-4FC2-8A6B-F986BF10A116}"
EndProject
Project("{FAE04EC0-301F-11D3-BF4B-00C04F79EFBC}") = "30Overriding", "30Overraiding\30Overriding.csproj", "{57B80086-3C3F-437A-8787-B806F83D9FDC}"
EndProject
Project("{FAE04EC0-301F-11D3-BF4B-00C04F79EFBC}") = "31Interface", "31Interface\31Interface.csproj", "{0BE9CA38-E5F2-47D1-A265-AE022A03E341}"
EndProject
Project("{FAE04EC0-301F-11D3-BF4B-00C04F79EFBC}") = "32Array", "32Array\32Array.csproj", "{56E08CB6-E3C7-40B4-8540-4211CE6BC899}"
EndProject
Project("{FAE04EC0-301F-11D3-BF4B-00C04F79EFBC}") = "InvenSystem", "InvenSystem\InvenSystem.csproj", "{9FDDD1E9-379F-4ABA-8ABE-3698ADE26760}"
EndProject
Project("{FAE04EC0-301F-11D3-BF4B-00C04F79EFBC}") = "33NULL", "33NULL\33NULL.csproj", "{35317578-A8E9-4F8E-B95D-A4482A292161}"
EndProject
Project("{FAE04EC0-301F-11D3-BF4B-00C04F79EFBC}") = "34BreakContinue", "34BreakContinue\34BreakContinue.csproj", "{78DA8C9F-75A2-48AE-A094-F1B6882F655C}"
EndProject
Project("{FAE04EC0-301F-11D3-BF4B-00C04F79EFBC}") = "35InnerUserDataType", "35InnerUserDataType\35InnerUserDataType.csproj", "{5950FA6A-6C37-43CC-8C52-D18987DB41D9}"
EndProject
Project("{FAE04EC0-301F-11D3-BF4B-00C04F79EFBC}") = "36Generic00", "36Generic00\36Generic00.csproj", "{F1F6A71B-B6AC-4716-A7BE-C31311460512}"
EndProject
Project("{FAE04EC0-301F-11D3-BF4B-00C04F79EFBC}") = "37Reference01", "37Reference01\37Reference01.csproj", "{59F92570-C886-467A-AC27-DBA2A49E6892}"
EndProject
Project("{FAE04EC0-301F-11D3-BF4B-00C04F79EFBC}") = "38DataStructure", "38DataStructure\38DataStructure.csproj", "{9533219C-3365-4AFB-83D7-08F74B4D3852}"
EndProject
Project("{2150E333-8FDC-42A3-9474-1A3956D46DE8}") = "DataStruct", "DataStruct", "{5234C3B7-B755-4C4E-B7DF-77FCF833A9B8}"
EndProject
Project("{FAE04EC0-301F-11D3-BF4B-00C04F79EFBC}") = "List", "List\List.csproj", "{8936234B-03AB-4971-BFEF-AB904D41D017}"
EndProject
Project("{FAE04EC0-301F-11D3-BF4B-00C04F79EFBC}") = "Node", "Node\Node.csproj", "{CC68A51D-DEB1-4DEA-BCBF-2CA8F138B121}"
EndProject
Project("{FAE04EC0-301F-11D3-BF4B-00C04F79EFBC}") = "LinkedList", "LinkedList\LinkedList.csproj", "{C3EEEC28-3775-4E94-BB62-83CD6E6EFA33}"
EndProject
Project("{FAE04EC0-301F-11D3-BF4B-00C04F79EFBC}") = "NodeEx", "NodeEx\NodeEx.csproj", "{88032BFB-A5F2-4D50-A244-6C37FF0F4BAE}"
EndProject
Project("{FAE04EC0-301F-11D3-BF4B-00C04F79EFBC}") = "Dictionary", "Dictionary\Dictionary.csproj", "{2EECB10F-E76F-4E03-B0ED-5D31D76216A2}"
EndProject
Project("{FAE04EC0-301F-11D3-BF4B-00C04F79EFBC}") = "DataStructEx", "DataStructEx\DataStructEx.csproj", "{3D22ED6D-5359-44B2-A177-98F06B369737}"
EndProject
Project("{FAE04EC0-301F-11D3-BF4B-00C04F79EFBC}") = "Tetris", "Tetris\Tetris.csproj", "{885AA41A-67F8-4349-80BA-6D63C77B4E63}"
EndProject
Project("{FAE04EC0-301F-11D3-BF4B-00C04F79EFBC}") = "39Array2d", "39Array2d\39Array2d.csproj", "{84114B49-3106-4FE1-8AB6-8E9E60E01E4F}"
EndProject
Project("{FAE04EC0-301F-11D3-BF4B-00C04F79EFBC}") = "40Random", "40Random\40Random.csproj", "{4EE71892-D815-4551-B15D-0420E8DE6B67}"
EndProject
Global
	GlobalSection(SolutionConfigurationPlatforms) = preSolution
		Debug|Any CPU = Debug|Any CPU
		Release|Any CPU = Release|Any CPU
	EndGlobalSection
	GlobalSection(ProjectConfigurationPlatforms) = postSolution
		{64236B9D-90D0-45B7-A786-D6A79666B0D3}.Debug|Any CPU.ActiveCfg = Debug|Any CPU
		{64236B9D-90D0-45B7-A786-D6A79666B0D3}.Debug|Any CPU.Build.0 = Debug|Any CPU
		{64236B9D-90D0-45B7-A786-D6A79666B0D3}.Release|Any CPU.ActiveCfg = Release|Any CPU
		{64236B9D-90D0-45B7-A786-D6A79666B0D3}.Release|Any CPU.Build.0 = Release|Any CPU
		{DAAAE62B-510D-4211-A2EE-0FEFCC3734A3}.Debug|Any CPU.ActiveCfg = Debug|Any CPU
		{DAAAE62B-510D-4211-A2EE-0FEFCC3734A3}.Debug|Any CPU.Build.0 = Debug|Any CPU
		{DAAAE62B-510D-4211-A2EE-0FEFCC3734A3}.Release|Any CPU.ActiveCfg = Release|Any CPU
		{DAAAE62B-510D-4211-A2EE-0FEFCC3734A3}.Release|Any CPU.Build.0 = Release|Any CPU
		{C14E133C-C121-4211-9581-637E0B9CA3B6}.Debug|Any CPU.ActiveCfg = Debug|Any CPU
		{C14E133C-C121-4211-9581-637E0B9CA3B6}.Debug|Any CPU.Build.0 = Debug|Any CPU
		{C14E133C-C121-4211-9581-637E0B9CA3B6}.Release|Any CPU.ActiveCfg = Release|Any CPU
		{C14E133C-C121-4211-9581-637E0B9CA3B6}.Release|Any CPU.Build.0 = Release|Any CPU
		{EED38BED-D954-4D6C-97BF-8D74462E71C7}.Debug|Any CPU.ActiveCfg = Debug|Any CPU
		{EED38BED-D954-4D6C-97BF-8D74462E71C7}.Debug|Any CPU.Build.0 = Debug|Any CPU
		{EED38BED-D954-4D6C-97BF-8D74462E71C7}.Release|Any CPU.ActiveCfg = Release|Any CPU
		{EED38BED-D954-4D6C-97BF-8D74462E71C7}.Release|Any CPU.Build.0 = Release|Any CPU
		{914225D0-3FF5-49D9-8B3B-3757BFEB459D}.Debug|Any CPU.ActiveCfg = Debug|Any CPU
		{914225D0-3FF5-49D9-8B3B-3757BFEB459D}.Debug|Any CPU.Build.0 = Debug|Any CPU
		{914225D0-3FF5-49D9-8B3B-3757BFEB459D}.Release|Any CPU.ActiveCfg = Release|Any CPU
		{914225D0-3FF5-49D9-8B3B-3757BFEB459D}.Release|Any CPU.Build.0 = Release|Any CPU
		{1938B2F2-A92A-4A7E-8977-686427F585A3}.Debug|Any CPU.ActiveCfg = Debug|Any CPU
		{1938B2F2-A92A-4A7E-8977-686427F585A3}.Debug|Any CPU.Build.0 = Debug|Any CPU
		{1938B2F2-A92A-4A7E-8977-686427F585A3}.Release|Any CPU.ActiveCfg = Release|Any CPU
		{1938B2F2-A92A-4A7E-8977-686427F585A3}.Release|Any CPU.Build.0 = Release|Any CPU
		{EC84CBCD-AEB9-419B-9103-F61F8D194485}.Debug|Any CPU.ActiveCfg = Debug|Any CPU
		{EC84CBCD-AEB9-419B-9103-F61F8D194485}.Debug|Any CPU.Build.0 = Debug|Any CPU
		{EC84CBCD-AEB9-419B-9103-F61F8D194485}.Release|Any CPU.ActiveCfg = Release|Any CPU
		{EC84CBCD-AEB9-419B-9103-F61F8D194485}.Release|Any CPU.Build.0 = Release|Any CPU
		{4598E248-A5E2-44D6-B8AB-4E0EA0EE0CCB}.Debug|Any CPU.ActiveCfg = Debug|Any CPU
		{4598E248-A5E2-44D6-B8AB-4E0EA0EE0CCB}.Debug|Any CPU.Build.0 = Debug|Any CPU
		{4598E248-A5E2-44D6-B8AB-4E0EA0EE0CCB}.Release|Any CPU.ActiveCfg = Release|Any CPU
		{4598E248-A5E2-44D6-B8AB-4E0EA0EE0CCB}.Release|Any CPU.Build.0 = Release|Any CPU
		{89F7CC70-7F3B-4E54-8F16-1BA5B779C649}.Debug|Any CPU.ActiveCfg = Debug|Any CPU
		{89F7CC70-7F3B-4E54-8F16-1BA5B779C649}.Debug|Any CPU.Build.0 = Debug|Any CPU
		{89F7CC70-7F3B-4E54-8F16-1BA5B779C649}.Release|Any CPU.ActiveCfg = Release|Any CPU
		{89F7CC70-7F3B-4E54-8F16-1BA5B779C649}.Release|Any CPU.Build.0 = Release|Any CPU
		{93374E13-574A-4919-964A-38C05CC2F1E7}.Debug|Any CPU.ActiveCfg = Debug|Any CPU
		{93374E13-574A-4919-964A-38C05CC2F1E7}.Debug|Any CPU.Build.0 = Debug|Any CPU
		{93374E13-574A-4919-964A-38C05CC2F1E7}.Release|Any CPU.ActiveCfg = Release|Any CPU
		{93374E13-574A-4919-964A-38C05CC2F1E7}.Release|Any CPU.Build.0 = Release|Any CPU
		{5288EEEB-5677-4E38-A564-3CFE1AFE8592}.Debug|Any CPU.ActiveCfg = Debug|Any CPU
		{5288EEEB-5677-4E38-A564-3CFE1AFE8592}.Debug|Any CPU.Build.0 = Debug|Any CPU
		{5288EEEB-5677-4E38-A564-3CFE1AFE8592}.Release|Any CPU.ActiveCfg = Release|Any CPU
		{5288EEEB-5677-4E38-A564-3CFE1AFE8592}.Release|Any CPU.Build.0 = Release|Any CPU
		{9333D2ED-DBE6-4FE9-82FF-A97B36A9D0E4}.Debug|Any CPU.ActiveCfg = Debug|Any CPU
		{9333D2ED-DBE6-4FE9-82FF-A97B36A9D0E4}.Debug|Any CPU.Build.0 = Debug|Any CPU
		{9333D2ED-DBE6-4FE9-82FF-A97B36A9D0E4}.Release|Any CPU.ActiveCfg = Release|Any CPU
		{9333D2ED-DBE6-4FE9-82FF-A97B36A9D0E4}.Release|Any CPU.Build.0 = Release|Any CPU
		{CF085A43-886D-482D-89AB-EEDBB06077E0}.Debug|Any CPU.ActiveCfg = Debug|Any CPU
		{CF085A43-886D-482D-89AB-EEDBB06077E0}.Debug|Any CPU.Build.0 = Debug|Any CPU
		{CF085A43-886D-482D-89AB-EEDBB06077E0}.Release|Any CPU.ActiveCfg = Release|Any CPU
		{CF085A43-886D-482D-89AB-EEDBB06077E0}.Release|Any CPU.Build.0 = Release|Any CPU
		{C9B73FDE-FBB5-4D4F-B87D-82781CBDC3AB}.Debug|Any CPU.ActiveCfg = Debug|Any CPU
		{C9B73FDE-FBB5-4D4F-B87D-82781CBDC3AB}.Debug|Any CPU.Build.0 = Debug|Any CPU
		{C9B73FDE-FBB5-4D4F-B87D-82781CBDC3AB}.Release|Any CPU.ActiveCfg = Release|Any CPU
		{C9B73FDE-FBB5-4D4F-B87D-82781CBDC3AB}.Release|Any CPU.Build.0 = Release|Any CPU
		{D0C756D0-D88E-401B-85B4-97AB3109F024}.Debug|Any CPU.ActiveCfg = Debug|Any CPU
		{D0C756D0-D88E-401B-85B4-97AB3109F024}.Debug|Any CPU.Build.0 = Debug|Any CPU
		{D0C756D0-D88E-401B-85B4-97AB3109F024}.Release|Any CPU.ActiveCfg = Release|Any CPU
		{D0C756D0-D88E-401B-85B4-97AB3109F024}.Release|Any CPU.Build.0 = Release|Any CPU
		{C1D7EF1D-FB68-4E33-9B70-7ADBFA854A7E}.Debug|Any CPU.ActiveCfg = Debug|Any CPU
		{C1D7EF1D-FB68-4E33-9B70-7ADBFA854A7E}.Debug|Any CPU.Build.0 = Debug|Any CPU
		{C1D7EF1D-FB68-4E33-9B70-7ADBFA854A7E}.Release|Any CPU.ActiveCfg = Release|Any CPU
		{C1D7EF1D-FB68-4E33-9B70-7ADBFA854A7E}.Release|Any CPU.Build.0 = Release|Any CPU
		{4D289B4B-01C6-4AF4-BAF4-34416729D20E}.Debug|Any CPU.ActiveCfg = Debug|Any CPU
		{4D289B4B-01C6-4AF4-BAF4-34416729D20E}.Debug|Any CPU.Build.0 = Debug|Any CPU
		{4D289B4B-01C6-4AF4-BAF4-34416729D20E}.Release|Any CPU.ActiveCfg = Release|Any CPU
		{4D289B4B-01C6-4AF4-BAF4-34416729D20E}.Release|Any CPU.Build.0 = Release|Any CPU
		{80399213-7EE9-4E71-AD95-742943A47647}.Debug|Any CPU.ActiveCfg = Debug|Any CPU
		{80399213-7EE9-4E71-AD95-742943A47647}.Debug|Any CPU.Build.0 = Debug|Any CPU
		{80399213-7EE9-4E71-AD95-742943A47647}.Release|Any CPU.ActiveCfg = Release|Any CPU
		{80399213-7EE9-4E71-AD95-742943A47647}.Release|Any CPU.Build.0 = Release|Any CPU
		{40109DF6-9BD4-4FC8-A711-0AFC93D044AB}.Debug|Any CPU.ActiveCfg = Debug|Any CPU
		{40109DF6-9BD4-4FC8-A711-0AFC93D044AB}.Debug|Any CPU.Build.0 = Debug|Any CPU
		{40109DF6-9BD4-4FC8-A711-0AFC93D044AB}.Release|Any CPU.ActiveCfg = Release|Any CPU
		{40109DF6-9BD4-4FC8-A711-0AFC93D044AB}.Release|Any CPU.Build.0 = Release|Any CPU
		{C4E4C9D0-ABDF-4D02-A4E6-77AA500CF27E}.Debug|Any CPU.ActiveCfg = Debug|Any CPU
		{C4E4C9D0-ABDF-4D02-A4E6-77AA500CF27E}.Debug|Any CPU.Build.0 = Debug|Any CPU
		{C4E4C9D0-ABDF-4D02-A4E6-77AA500CF27E}.Release|Any CPU.ActiveCfg = Release|Any CPU
		{C4E4C9D0-ABDF-4D02-A4E6-77AA500CF27E}.Release|Any CPU.Build.0 = Release|Any CPU
		{76CCB5E3-D98F-4DAA-942D-B481825F86E0}.Debug|Any CPU.ActiveCfg = Debug|Any CPU
		{76CCB5E3-D98F-4DAA-942D-B481825F86E0}.Debug|Any CPU.Build.0 = Debug|Any CPU
		{76CCB5E3-D98F-4DAA-942D-B481825F86E0}.Release|Any CPU.ActiveCfg = Release|Any CPU
		{76CCB5E3-D98F-4DAA-942D-B481825F86E0}.Release|Any CPU.Build.0 = Release|Any CPU
		{9B9BA757-198F-41B4-951F-68818012E9EA}.Debug|Any CPU.ActiveCfg = Debug|Any CPU
		{9B9BA757-198F-41B4-951F-68818012E9EA}.Debug|Any CPU.Build.0 = Debug|Any CPU
		{9B9BA757-198F-41B4-951F-68818012E9EA}.Release|Any CPU.ActiveCfg = Release|Any CPU
		{9B9BA757-198F-41B4-951F-68818012E9EA}.Release|Any CPU.Build.0 = Release|Any CPU
		{5E094D58-F722-4811-9429-E7E66207B8B5}.Debug|Any CPU.ActiveCfg = Debug|Any CPU
		{5E094D58-F722-4811-9429-E7E66207B8B5}.Debug|Any CPU.Build.0 = Debug|Any CPU
		{5E094D58-F722-4811-9429-E7E66207B8B5}.Release|Any CPU.ActiveCfg = Release|Any CPU
		{5E094D58-F722-4811-9429-E7E66207B8B5}.Release|Any CPU.Build.0 = Release|Any CPU
		{E22524DF-8B26-4818-BDE4-3734FB2E519D}.Debug|Any CPU.ActiveCfg = Debug|Any CPU
		{E22524DF-8B26-4818-BDE4-3734FB2E519D}.Debug|Any CPU.Build.0 = Debug|Any CPU
		{E22524DF-8B26-4818-BDE4-3734FB2E519D}.Release|Any CPU.ActiveCfg = Release|Any CPU
		{E22524DF-8B26-4818-BDE4-3734FB2E519D}.Release|Any CPU.Build.0 = Release|Any CPU
		{12FA0791-727A-4C85-A0A9-A27FA9C51F6B}.Debug|Any CPU.ActiveCfg = Debug|Any CPU
		{12FA0791-727A-4C85-A0A9-A27FA9C51F6B}.Debug|Any CPU.Build.0 = Debug|Any CPU
		{12FA0791-727A-4C85-A0A9-A27FA9C51F6B}.Release|Any CPU.ActiveCfg = Release|Any CPU
		{12FA0791-727A-4C85-A0A9-A27FA9C51F6B}.Release|Any CPU.Build.0 = Release|Any CPU
		{3B812858-7B34-4FD8-BC13-0BAB44EF5300}.Debug|Any CPU.ActiveCfg = Debug|Any CPU
		{3B812858-7B34-4FD8-BC13-0BAB44EF5300}.Debug|Any CPU.Build.0 = Debug|Any CPU
		{3B812858-7B34-4FD8-BC13-0BAB44EF5300}.Release|Any CPU.ActiveCfg = Release|Any CPU
		{3B812858-7B34-4FD8-BC13-0BAB44EF5300}.Release|Any CPU.Build.0 = Release|Any CPU
		{5ED455FC-4F8B-4FC2-8A6B-F986BF10A116}.Debug|Any CPU.ActiveCfg = Debug|Any CPU
		{5ED455FC-4F8B-4FC2-8A6B-F986BF10A116}.Debug|Any CPU.Build.0 = Debug|Any CPU
		{5ED455FC-4F8B-4FC2-8A6B-F986BF10A116}.Release|Any CPU.ActiveCfg = Release|Any CPU
		{5ED455FC-4F8B-4FC2-8A6B-F986BF10A116}.Release|Any CPU.Build.0 = Release|Any CPU
		{57B80086-3C3F-437A-8787-B806F83D9FDC}.Debug|Any CPU.ActiveCfg = Debug|Any CPU
		{57B80086-3C3F-437A-8787-B806F83D9FDC}.Debug|Any CPU.Build.0 = Debug|Any CPU
		{57B80086-3C3F-437A-8787-B806F83D9FDC}.Release|Any CPU.ActiveCfg = Release|Any CPU
		{57B80086-3C3F-437A-8787-B806F83D9FDC}.Release|Any CPU.Build.0 = Release|Any CPU
		{0BE9CA38-E5F2-47D1-A265-AE022A03E341}.Debug|Any CPU.ActiveCfg = Debug|Any CPU
		{0BE9CA38-E5F2-47D1-A265-AE022A03E341}.Debug|Any CPU.Build.0 = Debug|Any CPU
		{0BE9CA38-E5F2-47D1-A265-AE022A03E341}.Release|Any CPU.ActiveCfg = Release|Any CPU
		{0BE9CA38-E5F2-47D1-A265-AE022A03E341}.Release|Any CPU.Build.0 = Release|Any CPU
		{56E08CB6-E3C7-40B4-8540-4211CE6BC899}.Debug|Any CPU.ActiveCfg = Debug|Any CPU
		{56E08CB6-E3C7-40B4-8540-4211CE6BC899}.Debug|Any CPU.Build.0 = Debug|Any CPU
		{56E08CB6-E3C7-40B4-8540-4211CE6BC899}.Release|Any CPU.ActiveCfg = Release|Any CPU
		{56E08CB6-E3C7-40B4-8540-4211CE6BC899}.Release|Any CPU.Build.0 = Release|Any CPU
		{9FDDD1E9-379F-4ABA-8ABE-3698ADE26760}.Debug|Any CPU.ActiveCfg = Debug|Any CPU
		{9FDDD1E9-379F-4ABA-8ABE-3698ADE26760}.Debug|Any CPU.Build.0 = Debug|Any CPU
		{9FDDD1E9-379F-4ABA-8ABE-3698ADE26760}.Release|Any CPU.ActiveCfg = Release|Any CPU
		{9FDDD1E9-379F-4ABA-8ABE-3698ADE26760}.Release|Any CPU.Build.0 = Release|Any CPU
		{35317578-A8E9-4F8E-B95D-A4482A292161}.Debug|Any CPU.ActiveCfg = Debug|Any CPU
		{35317578-A8E9-4F8E-B95D-A4482A292161}.Debug|Any CPU.Build.0 = Debug|Any CPU
		{35317578-A8E9-4F8E-B95D-A4482A292161}.Release|Any CPU.ActiveCfg = Release|Any CPU
		{35317578-A8E9-4F8E-B95D-A4482A292161}.Release|Any CPU.Build.0 = Release|Any CPU
		{78DA8C9F-75A2-48AE-A094-F1B6882F655C}.Debug|Any CPU.ActiveCfg = Debug|Any CPU
		{78DA8C9F-75A2-48AE-A094-F1B6882F655C}.Debug|Any CPU.Build.0 = Debug|Any CPU
		{78DA8C9F-75A2-48AE-A094-F1B6882F655C}.Release|Any CPU.ActiveCfg = Release|Any CPU
		{78DA8C9F-75A2-48AE-A094-F1B6882F655C}.Release|Any CPU.Build.0 = Release|Any CPU
		{5950FA6A-6C37-43CC-8C52-D18987DB41D9}.Debug|Any CPU.ActiveCfg = Debug|Any CPU
		{5950FA6A-6C37-43CC-8C52-D18987DB41D9}.Debug|Any CPU.Build.0 = Debug|Any CPU
		{5950FA6A-6C37-43CC-8C52-D18987DB41D9}.Release|Any CPU.ActiveCfg = Release|Any CPU
		{5950FA6A-6C37-43CC-8C52-D18987DB41D9}.Release|Any CPU.Build.0 = Release|Any CPU
		{F1F6A71B-B6AC-4716-A7BE-C31311460512}.Debug|Any CPU.ActiveCfg = Debug|Any CPU
		{F1F6A71B-B6AC-4716-A7BE-C31311460512}.Debug|Any CPU.Build.0 = Debug|Any CPU
		{F1F6A71B-B6AC-4716-A7BE-C31311460512}.Release|Any CPU.ActiveCfg = Release|Any CPU
		{F1F6A71B-B6AC-4716-A7BE-C31311460512}.Release|Any CPU.Build.0 = Release|Any CPU
		{59F92570-C886-467A-AC27-DBA2A49E6892}.Debug|Any CPU.ActiveCfg = Debug|Any CPU
		{59F92570-C886-467A-AC27-DBA2A49E6892}.Debug|Any CPU.Build.0 = Debug|Any CPU
		{59F92570-C886-467A-AC27-DBA2A49E6892}.Release|Any CPU.ActiveCfg = Release|Any CPU
		{59F92570-C886-467A-AC27-DBA2A49E6892}.Release|Any CPU.Build.0 = Release|Any CPU
		{9533219C-3365-4AFB-83D7-08F74B4D3852}.Debug|Any CPU.ActiveCfg = Debug|Any CPU
		{9533219C-3365-4AFB-83D7-08F74B4D3852}.Debug|Any CPU.Build.0 = Debug|Any CPU
		{9533219C-3365-4AFB-83D7-08F74B4D3852}.Release|Any CPU.ActiveCfg = Release|Any CPU
		{9533219C-3365-4AFB-83D7-08F74B4D3852}.Release|Any CPU.Build.0 = Release|Any CPU
		{8936234B-03AB-4971-BFEF-AB904D41D017}.Debug|Any CPU.ActiveCfg = Debug|Any CPU
		{8936234B-03AB-4971-BFEF-AB904D41D017}.Debug|Any CPU.Build.0 = Debug|Any CPU
		{8936234B-03AB-4971-BFEF-AB904D41D017}.Release|Any CPU.ActiveCfg = Release|Any CPU
		{8936234B-03AB-4971-BFEF-AB904D41D017}.Release|Any CPU.Build.0 = Release|Any CPU
		{CC68A51D-DEB1-4DEA-BCBF-2CA8F138B121}.Debug|Any CPU.ActiveCfg = Debug|Any CPU
		{CC68A51D-DEB1-4DEA-BCBF-2CA8F138B121}.Debug|Any CPU.Build.0 = Debug|Any CPU
		{CC68A51D-DEB1-4DEA-BCBF-2CA8F138B121}.Release|Any CPU.ActiveCfg = Release|Any CPU
		{CC68A51D-DEB1-4DEA-BCBF-2CA8F138B121}.Release|Any CPU.Build.0 = Release|Any CPU
		{C3EEEC28-3775-4E94-BB62-83CD6E6EFA33}.Debug|Any CPU.ActiveCfg = Debug|Any CPU
		{C3EEEC28-3775-4E94-BB62-83CD6E6EFA33}.Debug|Any CPU.Build.0 = Debug|Any CPU
		{C3EEEC28-3775-4E94-BB62-83CD6E6EFA33}.Release|Any CPU.ActiveCfg = Release|Any CPU
		{C3EEEC28-3775-4E94-BB62-83CD6E6EFA33}.Release|Any CPU.Build.0 = Release|Any CPU
		{88032BFB-A5F2-4D50-A244-6C37FF0F4BAE}.Debug|Any CPU.ActiveCfg = Debug|Any CPU
		{88032BFB-A5F2-4D50-A244-6C37FF0F4BAE}.Debug|Any CPU.Build.0 = Debug|Any CPU
		{88032BFB-A5F2-4D50-A244-6C37FF0F4BAE}.Release|Any CPU.ActiveCfg = Release|Any CPU
		{88032BFB-A5F2-4D50-A244-6C37FF0F4BAE}.Release|Any CPU.Build.0 = Release|Any CPU
		{2EECB10F-E76F-4E03-B0ED-5D31D76216A2}.Debug|Any CPU.ActiveCfg = Debug|Any CPU
		{2EECB10F-E76F-4E03-B0ED-5D31D76216A2}.Debug|Any CPU.Build.0 = Debug|Any CPU
		{2EECB10F-E76F-4E03-B0ED-5D31D76216A2}.Release|Any CPU.ActiveCfg = Release|Any CPU
		{2EECB10F-E76F-4E03-B0ED-5D31D76216A2}.Release|Any CPU.Build.0 = Release|Any CPU
		{3D22ED6D-5359-44B2-A177-98F06B369737}.Debug|Any CPU.ActiveCfg = Debug|Any CPU
		{3D22ED6D-5359-44B2-A177-98F06B369737}.Debug|Any CPU.Build.0 = Debug|Any CPU
		{3D22ED6D-5359-44B2-A177-98F06B369737}.Release|Any CPU.ActiveCfg = Release|Any CPU
		{3D22ED6D-5359-44B2-A177-98F06B369737}.Release|Any CPU.Build.0 = Release|Any CPU
		{885AA41A-67F8-4349-80BA-6D63C77B4E63}.Debug|Any CPU.ActiveCfg = Debug|Any CPU
		{885AA41A-67F8-4349-80BA-6D63C77B4E63}.Debug|Any CPU.Build.0 = Debug|Any CPU
		{885AA41A-67F8-4349-80BA-6D63C77B4E63}.Release|Any CPU.ActiveCfg = Release|Any CPU
		{885AA41A-67F8-4349-80BA-6D63C77B4E63}.Release|Any CPU.Build.0 = Release|Any CPU
		{84114B49-3106-4FE1-8AB6-8E9E60E01E4F}.Debug|Any CPU.ActiveCfg = Debug|Any CPU
		{84114B49-3106-4FE1-8AB6-8E9E60E01E4F}.Debug|Any CPU.Build.0 = Debug|Any CPU
		{84114B49-3106-4FE1-8AB6-8E9E60E01E4F}.Release|Any CPU.ActiveCfg = Release|Any CPU
		{84114B49-3106-4FE1-8AB6-8E9E60E01E4F}.Release|Any CPU.Build.0 = Release|Any CPU
		{4EE71892-D815-4551-B15D-0420E8DE6B67}.Debug|Any CPU.ActiveCfg = Debug|Any CPU
		{4EE71892-D815-4551-B15D-0420E8DE6B67}.Debug|Any CPU.Build.0 = Debug|Any CPU
		{4EE71892-D815-4551-B15D-0420E8DE6B67}.Release|Any CPU.ActiveCfg = Release|Any CPU
		{4EE71892-D815-4551-B15D-0420E8DE6B67}.Release|Any CPU.Build.0 = Release|Any CPU
	EndGlobalSection
	GlobalSection(SolutionProperties) = preSolution
		HideSolutionNode = FALSE
	EndGlobalSection
	GlobalSection(NestedProjects) = preSolution
		{C4E4C9D0-ABDF-4D02-A4E6-77AA500CF27E} = {5EE00180-79D9-4BD9-8985-DD34D9505440}
		{9FDDD1E9-379F-4ABA-8ABE-3698ADE26760} = {5EE00180-79D9-4BD9-8985-DD34D9505440}
		{8936234B-03AB-4971-BFEF-AB904D41D017} = {5234C3B7-B755-4C4E-B7DF-77FCF833A9B8}
		{CC68A51D-DEB1-4DEA-BCBF-2CA8F138B121} = {5234C3B7-B755-4C4E-B7DF-77FCF833A9B8}
		{C3EEEC28-3775-4E94-BB62-83CD6E6EFA33} = {5234C3B7-B755-4C4E-B7DF-77FCF833A9B8}
		{88032BFB-A5F2-4D50-A244-6C37FF0F4BAE} = {5234C3B7-B755-4C4E-B7DF-77FCF833A9B8}
		{2EECB10F-E76F-4E03-B0ED-5D31D76216A2} = {5234C3B7-B755-4C4E-B7DF-77FCF833A9B8}
		{3D22ED6D-5359-44B2-A177-98F06B369737} = {5234C3B7-B755-4C4E-B7DF-77FCF833A9B8}
		{885AA41A-67F8-4349-80BA-6D63C77B4E63} = {5EE00180-79D9-4BD9-8985-DD34D9505440}
	EndGlobalSection
	GlobalSection(ExtensibilityGlobals) = postSolution
		SolutionGuid = {7C069D2E-FBE5-449E-BCC1-69EA963994AF}
	EndGlobalSection
EndGlobal
